
Microsoft Visual Studio Solution File, Format Version 12.00
# Visual Studio Version 17
VisualStudioVersion = 17.14.36518.9 d17.14
MinimumVisualStudioVersion = 10.0.40219.1
Project("{8BC9CEB8-8B4A-11D0-8D11-00A0C91BC942}") = "CppHomeworksProject", "CppHomeworksProject\CppHomeworksProject.vcxproj", "{226CDAD7-264E-496F-984A-7EDD92C8C2C6}"
EndProject
Global
	GlobalSection(SolutionConfigurationPlatforms) = preSolution
		Debug|x64 = Debug|x64
		Debug|x86 = Debug|x86
		Release|x64 = Release|x64
		Release|x86 = Release|x86
	EndGlobalSection
	GlobalSection(ProjectConfigurationPlatforms) = postSolution
		{226CDAD7-264E-496F-984A-7EDD92C8C2C6}.Debug|x64.ActiveCfg = Debug|x64
		{226CDAD7-264E-496F-984A-7EDD92C8C2C6}.Debug|x64.Build.0 = Debug|x64
		{226CDAD7-264E-496F-984A-7EDD92C8C2C6}.Debug|x86.ActiveCfg = Debug|Win32
		{226CDAD7-264E-496F-984A-7EDD92C8C2C6}.Debug|x86.Build.0 = Debug|Win32
		{226CDAD7-264E-496F-984A-7EDD92C8C2C6}.Release|x64.ActiveCfg = Release|x64
		{226CDAD7-264E-496F-984A-7EDD92C8C2C6}.Release|x64.Build.0 = Release|x64
		{226CDAD7-264E-496F-984A-7EDD92C8C2C6}.Release|x86.ActiveCfg = Release|Win32
		{226CDAD7-264E-496F-984A-7EDD92C8C2C6}.Release|x86.Build.0 = Release|Win32
	EndGlobalSection
	GlobalSection(SolutionProperties) = preSolution
		HideSolutionNode = FALSE
	EndGlobalSection
	GlobalSection(ExtensibilityGlobals) = postSolution
		SolutionGuid = {80B6423C-2A65-4BC9-A7B9-39190CFCA39C}
	EndGlobalSection
EndGlobal
